
Microsoft Visual Studio Solution File, Format Version 12.00
# Visual Studio Version 17
VisualStudioVersion = 17.7.34221.43
MinimumVisualStudioVersion = 10.0.40219.1
Project("{8BC9CEB8-8B4A-11D0-8D11-00A0C91BC942}") = "OpenGLGame", "OpenGLGame\OpenGLGame.vcxproj", "{8D5F8A57-C0B6-4BF6-ADE3-339311E28DF8}"
EndProject
Global
	GlobalSection(SolutionConfigurationPlatforms) = preSolution
		Debug|x64 = Debug|x64
		Debug|x86 = Debug|x86
		Release|x64 = Release|x64
		Release|x86 = Release|x86
	EndGlobalSection
	GlobalSection(ProjectConfigurationPlatforms) = postSolution
		{8D5F8A57-C0B6-4BF6-ADE3-339311E28DF8}.Debug|x64.ActiveCfg = Debug|x64
		{8D5F8A57-C0B6-4BF6-ADE3-339311E28DF8}.Debug|x64.Build.0 = Debug|x64
		{8D5F8A57-C0B6-4BF6-ADE3-339311E28DF8}.Debug|x86.ActiveCfg = Debug|Win32
		{8D5F8A57-C0B6-4BF6-ADE3-339311E28DF8}.Debug|x86.Build.0 = Debug|Win32
		{8D5F8A57-C0B6-4BF6-ADE3-339311E28DF8}.Release|x64.ActiveCfg = Release|x64
		{8D5F8A57-C0B6-4BF6-ADE3-339311E28DF8}.Release|x64.Build.0 = Release|x64
		{8D5F8A57-C0B6-4BF6-ADE3-339311E28DF8}.Release|x86.ActiveCfg = Release|Win32
		{8D5F8A57-C0B6-4BF6-ADE3-339311E28DF8}.Release|x86.Build.0 = Release|Win32
	EndGlobalSection
	GlobalSection(SolutionProperties) = preSolution
		HideSolutionNode = FALSE
	EndGlobalSection
	GlobalSection(ExtensibilityGlobals) = postSolution
		SolutionGuid = {096D846D-04F1-4078-9FF4-B937DCEFA1E0}
	EndGlobalSection
EndGlobal
